
Microsoft Visual Studio Solution File, Format Version 12.00
# Visual Studio 2010
Project("{2150E333-8FDC-42A3-9474-1A3956D46DE8}") = "Build", "Build", "{EB65E771-6C97-4D64-8E11-FD88AE48A41A}"
	ProjectSection(SolutionItems) = preProject
		..\build\build.bat = ..\build\build.bat
		..\build\build.proj = ..\build\build.proj
		..\build\build.tasks = ..\build\build.tasks
		..\CONTRIBUTORS.md = ..\CONTRIBUTORS.md
		..\build\copy.bat = ..\build\copy.bat
		install-package-nservicekit.png = install-package-nservicekit.png
		..\NuGet\NServiceKit.Api.Swagger\NServiceKit.api.swagger.nuspec = ..\NuGet\NServiceKit.Api.Swagger\NServiceKit.api.swagger.nuspec
		..\NuGet\NServiceKit.Authentication.OAuth2\NServiceKit.authentication.oauth2.nuspec = ..\NuGet\NServiceKit.Authentication.OAuth2\NServiceKit.authentication.oauth2.nuspec
		..\NuGet\NServiceKit.Authentication.OpenId\NServiceKit.authentication.openid.nuspec = ..\NuGet\NServiceKit.Authentication.OpenId\NServiceKit.authentication.openid.nuspec
		..\NuGet\NServiceKit.Common\NServiceKit.common.nuspec = ..\NuGet\NServiceKit.Common\NServiceKit.common.nuspec
		..\NuGet\NServiceKit.Host.AspNet\NServiceKit.host.aspnet.nuspec = ..\NuGet\NServiceKit.Host.AspNet\NServiceKit.host.aspnet.nuspec
		..\NuGet\NServiceKit.Host.Mvc\NServiceKit.host.mvc.nuspec = ..\NuGet\NServiceKit.Host.Mvc\NServiceKit.host.mvc.nuspec
		..\NuGet\NServiceKit.Mvc\NServiceKit.mvc.nuspec = ..\NuGet\NServiceKit.Mvc\NServiceKit.mvc.nuspec
		..\NuGet\NServiceKit\NServiceKit.nuspec = ..\NuGet\NServiceKit\NServiceKit.nuspec
		..\NuGet\NServiceKit.Plugins.MsgPack\NServiceKit.plugins.msgpack.nuspec = ..\NuGet\NServiceKit.Plugins.MsgPack\NServiceKit.plugins.msgpack.nuspec
		..\NuGet\NServiceKit.Plugins.ProtoBuf\NServiceKit.plugins.protobuf.nuspec = ..\NuGet\NServiceKit.Plugins.ProtoBuf\NServiceKit.plugins.protobuf.nuspec
		..\NuGet\NServiceKit.Razor\NServiceKit.razor.nuspec = ..\NuGet\NServiceKit.Razor\NServiceKit.razor.nuspec
		..\README.md = ..\README.md
	EndProjectSection
EndProject
Project("{FAE04EC0-301F-11D3-BF4B-00C04F79EFBC}") = "NServiceKit", "NServiceKit\NServiceKit.csproj", "{680A1709-25EB-4D52-A87F-EE03FFD94BAA}"
EndProject
Project("{FAE04EC0-301F-11D3-BF4B-00C04F79EFBC}") = "NServiceKit.Common", "NServiceKit.Common\NServiceKit.Common.csproj", "{982416DB-C143-4028-A0C3-CF41892D18D3}"
EndProject
Project("{FAE04EC0-301F-11D3-BF4B-00C04F79EFBC}") = "NServiceKit.Interfaces", "NServiceKit.Interfaces\NServiceKit.Interfaces.csproj", "{42E1C8C0-A163-44CC-92B1-8F416F2C0B01}"
EndProject
Project("{FAE04EC0-301F-11D3-BF4B-00C04F79EFBC}") = "NServiceKit.ServiceInterface", "NServiceKit.ServiceInterface\NServiceKit.ServiceInterface.csproj", "{5A315F92-80D2-4C60-A5A4-22E027AC7E7E}"
EndProject
Project("{FAE04EC0-301F-11D3-BF4B-00C04F79EFBC}") = "NServiceKit.FluentValidation.Mvc3", "NServiceKit.FluentValidation.Mvc3\NServiceKit.FluentValidation.Mvc3.csproj", "{672F2DFE-4EE8-498B-B449-23E9E7F6961C}"
EndProject
Project("{FAE04EC0-301F-11D3-BF4B-00C04F79EFBC}") = "NServiceKit.Plugins.ProtoBuf", "NServiceKit.Plugins.ProtoBuf\NServiceKit.Plugins.ProtoBuf.csproj", "{EF36A253-C53F-4BF3-B0EC-4D29211FA67D}"
EndProject
Project("{FAE04EC0-301F-11D3-BF4B-00C04F79EFBC}") = "NServiceKit.Plugins.MsgPack", "NServiceKit.Plugins.MsgPack\NServiceKit.Plugins.MsgPack.csproj", "{6B751A07-75D4-4A9D-B3A0-EEA27808E64C}"
EndProject
Project("{FAE04EC0-301F-11D3-BF4B-00C04F79EFBC}") = "NServiceKit.Authentication.OpenId", "NServiceKit.Authentication.OpenId\NServiceKit.Authentication.OpenId.csproj", "{6E240294-9D93-4C09-9BB0-38D82A22DEEE}"
EndProject
Project("{FAE04EC0-301F-11D3-BF4B-00C04F79EFBC}") = "NServiceKit.Api.Swagger", "NServiceKit.Api.Swagger\NServiceKit.Api.Swagger.csproj", "{01D3F057-7984-498F-8B0A-EB375701E204}"
EndProject
Project("{FAE04EC0-301F-11D3-BF4B-00C04F79EFBC}") = "NServiceKit.Razor", "NServiceKit.Razor\NServiceKit.Razor.csproj", "{D73274AE-006B-4CEE-BA60-0ECF5873048D}"
EndProject
Project("{FAE04EC0-301F-11D3-BF4B-00C04F79EFBC}") = "NServiceKit.Authentication.OAuth2", "NServiceKit.Authentication.OAuth2\NServiceKit.Authentication.OAuth2.csproj", "{C53331DF-3690-4AEA-AB57-70672BCFA086}"
EndProject
Global
	GlobalSection(SolutionConfigurationPlatforms) = preSolution
		Debug|Any CPU = Debug|Any CPU
		Debug|Mixed Platforms = Debug|Mixed Platforms
		Debug|x86 = Debug|x86
		MonoDebug|Any CPU = MonoDebug|Any CPU
		MonoDebug|Mixed Platforms = MonoDebug|Mixed Platforms
		MonoDebug|x86 = MonoDebug|x86
		MonoRelease|Any CPU = MonoRelease|Any CPU
		MonoRelease|Mixed Platforms = MonoRelease|Mixed Platforms
		MonoRelease|x86 = MonoRelease|x86
		MonoTouch|Any CPU = MonoTouch|Any CPU
		MonoTouch|Mixed Platforms = MonoTouch|Mixed Platforms
		MonoTouch|x86 = MonoTouch|x86
		Release|Any CPU = Release|Any CPU
		Release|Mixed Platforms = Release|Mixed Platforms
		Release|x86 = Release|x86
	EndGlobalSection
	GlobalSection(ProjectConfigurationPlatforms) = postSolution
		{680A1709-25EB-4D52-A87F-EE03FFD94BAA}.Debug|Any CPU.ActiveCfg = Debug|Any CPU
		{680A1709-25EB-4D52-A87F-EE03FFD94BAA}.Debug|Any CPU.Build.0 = Debug|Any CPU
		{680A1709-25EB-4D52-A87F-EE03FFD94BAA}.Debug|Mixed Platforms.ActiveCfg = Debug|Any CPU
		{680A1709-25EB-4D52-A87F-EE03FFD94BAA}.Debug|Mixed Platforms.Build.0 = Debug|Any CPU
		{680A1709-25EB-4D52-A87F-EE03FFD94BAA}.Debug|x86.ActiveCfg = Debug|Any CPU
		{680A1709-25EB-4D52-A87F-EE03FFD94BAA}.Debug|x86.Build.0 = Debug|Any CPU
		{680A1709-25EB-4D52-A87F-EE03FFD94BAA}.MonoDebug|Any CPU.ActiveCfg = Debug|Any CPU
		{680A1709-25EB-4D52-A87F-EE03FFD94BAA}.MonoDebug|Any CPU.Build.0 = Debug|Any CPU
		{680A1709-25EB-4D52-A87F-EE03FFD94BAA}.MonoDebug|Mixed Platforms.ActiveCfg = Debug|Any CPU
		{680A1709-25EB-4D52-A87F-EE03FFD94BAA}.MonoDebug|Mixed Platforms.Build.0 = Debug|Any CPU
		{680A1709-25EB-4D52-A87F-EE03FFD94BAA}.MonoDebug|x86.ActiveCfg = Debug|Any CPU
		{680A1709-25EB-4D52-A87F-EE03FFD94BAA}.MonoDebug|x86.Build.0 = Debug|Any CPU
		{680A1709-25EB-4D52-A87F-EE03FFD94BAA}.MonoRelease|Any CPU.ActiveCfg = Debug|Any CPU
		{680A1709-25EB-4D52-A87F-EE03FFD94BAA}.MonoRelease|Any CPU.Build.0 = Debug|Any CPU
		{680A1709-25EB-4D52-A87F-EE03FFD94BAA}.MonoRelease|Mixed Platforms.ActiveCfg = Debug|Any CPU
		{680A1709-25EB-4D52-A87F-EE03FFD94BAA}.MonoRelease|Mixed Platforms.Build.0 = Debug|Any CPU
		{680A1709-25EB-4D52-A87F-EE03FFD94BAA}.MonoRelease|x86.ActiveCfg = Debug|Any CPU
		{680A1709-25EB-4D52-A87F-EE03FFD94BAA}.MonoRelease|x86.Build.0 = Debug|Any CPU
		{680A1709-25EB-4D52-A87F-EE03FFD94BAA}.MonoTouch|Any CPU.ActiveCfg = Debug|Any CPU
		{680A1709-25EB-4D52-A87F-EE03FFD94BAA}.MonoTouch|Any CPU.Build.0 = Debug|Any CPU
		{680A1709-25EB-4D52-A87F-EE03FFD94BAA}.MonoTouch|Mixed Platforms.ActiveCfg = Debug|Any CPU
		{680A1709-25EB-4D52-A87F-EE03FFD94BAA}.MonoTouch|Mixed Platforms.Build.0 = Debug|Any CPU
		{680A1709-25EB-4D52-A87F-EE03FFD94BAA}.MonoTouch|x86.ActiveCfg = Debug|Any CPU
		{680A1709-25EB-4D52-A87F-EE03FFD94BAA}.MonoTouch|x86.Build.0 = Debug|Any CPU
		{680A1709-25EB-4D52-A87F-EE03FFD94BAA}.Release|Any CPU.ActiveCfg = Release|Any CPU
		{680A1709-25EB-4D52-A87F-EE03FFD94BAA}.Release|Any CPU.Build.0 = Release|Any CPU
		{680A1709-25EB-4D52-A87F-EE03FFD94BAA}.Release|Mixed Platforms.ActiveCfg = Release|Any CPU
		{680A1709-25EB-4D52-A87F-EE03FFD94BAA}.Release|Mixed Platforms.Build.0 = Release|Any CPU
		{680A1709-25EB-4D52-A87F-EE03FFD94BAA}.Release|x86.ActiveCfg = Release|Any CPU
		{680A1709-25EB-4D52-A87F-EE03FFD94BAA}.Release|x86.Build.0 = Release|Any CPU
		{982416DB-C143-4028-A0C3-CF41892D18D3}.Debug|Any CPU.ActiveCfg = Debug|Any CPU
		{982416DB-C143-4028-A0C3-CF41892D18D3}.Debug|Any CPU.Build.0 = Debug|Any CPU
		{982416DB-C143-4028-A0C3-CF41892D18D3}.Debug|Mixed Platforms.ActiveCfg = Debug|Any CPU
		{982416DB-C143-4028-A0C3-CF41892D18D3}.Debug|Mixed Platforms.Build.0 = Debug|Any CPU
		{982416DB-C143-4028-A0C3-CF41892D18D3}.Debug|x86.ActiveCfg = Debug|Any CPU
		{982416DB-C143-4028-A0C3-CF41892D18D3}.Debug|x86.Build.0 = Debug|Any CPU
		{982416DB-C143-4028-A0C3-CF41892D18D3}.MonoDebug|Any CPU.ActiveCfg = Debug|Any CPU
		{982416DB-C143-4028-A0C3-CF41892D18D3}.MonoDebug|Any CPU.Build.0 = Debug|Any CPU
		{982416DB-C143-4028-A0C3-CF41892D18D3}.MonoDebug|Mixed Platforms.ActiveCfg = Debug|Any CPU
		{982416DB-C143-4028-A0C3-CF41892D18D3}.MonoDebug|Mixed Platforms.Build.0 = Debug|Any CPU
		{982416DB-C143-4028-A0C3-CF41892D18D3}.MonoDebug|x86.ActiveCfg = Debug|Any CPU
		{982416DB-C143-4028-A0C3-CF41892D18D3}.MonoDebug|x86.Build.0 = Debug|Any CPU
		{982416DB-C143-4028-A0C3-CF41892D18D3}.MonoRelease|Any CPU.ActiveCfg = Debug|Any CPU
		{982416DB-C143-4028-A0C3-CF41892D18D3}.MonoRelease|Any CPU.Build.0 = Debug|Any CPU
		{982416DB-C143-4028-A0C3-CF41892D18D3}.MonoRelease|Mixed Platforms.ActiveCfg = Debug|Any CPU
		{982416DB-C143-4028-A0C3-CF41892D18D3}.MonoRelease|Mixed Platforms.Build.0 = Debug|Any CPU
		{982416DB-C143-4028-A0C3-CF41892D18D3}.MonoRelease|x86.ActiveCfg = Debug|Any CPU
		{982416DB-C143-4028-A0C3-CF41892D18D3}.MonoRelease|x86.Build.0 = Debug|Any CPU
		{982416DB-C143-4028-A0C3-CF41892D18D3}.MonoTouch|Any CPU.ActiveCfg = MonoTouch|Any CPU
		{982416DB-C143-4028-A0C3-CF41892D18D3}.MonoTouch|Any CPU.Build.0 = MonoTouch|Any CPU
		{982416DB-C143-4028-A0C3-CF41892D18D3}.MonoTouch|Mixed Platforms.ActiveCfg = MonoTouch|Any CPU
		{982416DB-C143-4028-A0C3-CF41892D18D3}.MonoTouch|Mixed Platforms.Build.0 = MonoTouch|Any CPU
		{982416DB-C143-4028-A0C3-CF41892D18D3}.MonoTouch|x86.ActiveCfg = MonoTouch|Any CPU
		{982416DB-C143-4028-A0C3-CF41892D18D3}.MonoTouch|x86.Build.0 = MonoTouch|Any CPU
		{982416DB-C143-4028-A0C3-CF41892D18D3}.Release|Any CPU.ActiveCfg = Release|Any CPU
		{982416DB-C143-4028-A0C3-CF41892D18D3}.Release|Any CPU.Build.0 = Release|Any CPU
		{982416DB-C143-4028-A0C3-CF41892D18D3}.Release|Mixed Platforms.ActiveCfg = Release|Any CPU
		{982416DB-C143-4028-A0C3-CF41892D18D3}.Release|Mixed Platforms.Build.0 = Release|Any CPU
		{982416DB-C143-4028-A0C3-CF41892D18D3}.Release|x86.ActiveCfg = Release|Any CPU
		{982416DB-C143-4028-A0C3-CF41892D18D3}.Release|x86.Build.0 = Release|Any CPU
		{42E1C8C0-A163-44CC-92B1-8F416F2C0B01}.Debug|Any CPU.ActiveCfg = Debug|Any CPU
		{42E1C8C0-A163-44CC-92B1-8F416F2C0B01}.Debug|Any CPU.Build.0 = Debug|Any CPU
		{42E1C8C0-A163-44CC-92B1-8F416F2C0B01}.Debug|Mixed Platforms.ActiveCfg = Debug|Any CPU
		{42E1C8C0-A163-44CC-92B1-8F416F2C0B01}.Debug|Mixed Platforms.Build.0 = Debug|Any CPU
		{42E1C8C0-A163-44CC-92B1-8F416F2C0B01}.Debug|x86.ActiveCfg = Debug|Any CPU
		{42E1C8C0-A163-44CC-92B1-8F416F2C0B01}.MonoDebug|Any CPU.ActiveCfg = Debug|Any CPU
		{42E1C8C0-A163-44CC-92B1-8F416F2C0B01}.MonoDebug|Any CPU.Build.0 = Debug|Any CPU
		{42E1C8C0-A163-44CC-92B1-8F416F2C0B01}.MonoDebug|Mixed Platforms.ActiveCfg = Debug|Any CPU
		{42E1C8C0-A163-44CC-92B1-8F416F2C0B01}.MonoDebug|Mixed Platforms.Build.0 = Debug|Any CPU
		{42E1C8C0-A163-44CC-92B1-8F416F2C0B01}.MonoDebug|x86.ActiveCfg = Debug|Any CPU
		{42E1C8C0-A163-44CC-92B1-8F416F2C0B01}.MonoRelease|Any CPU.ActiveCfg = Release|Any CPU
		{42E1C8C0-A163-44CC-92B1-8F416F2C0B01}.MonoRelease|Any CPU.Build.0 = Release|Any CPU
		{42E1C8C0-A163-44CC-92B1-8F416F2C0B01}.MonoRelease|Mixed Platforms.ActiveCfg = Release|Any CPU
		{42E1C8C0-A163-44CC-92B1-8F416F2C0B01}.MonoRelease|Mixed Platforms.Build.0 = Release|Any CPU
		{42E1C8C0-A163-44CC-92B1-8F416F2C0B01}.MonoRelease|x86.ActiveCfg = Release|Any CPU
		{42E1C8C0-A163-44CC-92B1-8F416F2C0B01}.MonoTouch|Any CPU.ActiveCfg = MONOTOUCH|Any CPU
		{42E1C8C0-A163-44CC-92B1-8F416F2C0B01}.MonoTouch|Any CPU.Build.0 = MONOTOUCH|Any CPU
		{42E1C8C0-A163-44CC-92B1-8F416F2C0B01}.MonoTouch|Mixed Platforms.ActiveCfg = MONOTOUCH|Any CPU
		{42E1C8C0-A163-44CC-92B1-8F416F2C0B01}.MonoTouch|Mixed Platforms.Build.0 = MONOTOUCH|Any CPU
		{42E1C8C0-A163-44CC-92B1-8F416F2C0B01}.MonoTouch|x86.ActiveCfg = MONOTOUCH|Any CPU
		{42E1C8C0-A163-44CC-92B1-8F416F2C0B01}.Release|Any CPU.ActiveCfg = Release|Any CPU
		{42E1C8C0-A163-44CC-92B1-8F416F2C0B01}.Release|Any CPU.Build.0 = Release|Any CPU
		{42E1C8C0-A163-44CC-92B1-8F416F2C0B01}.Release|Mixed Platforms.ActiveCfg = Release|Any CPU
		{42E1C8C0-A163-44CC-92B1-8F416F2C0B01}.Release|Mixed Platforms.Build.0 = Release|Any CPU
		{42E1C8C0-A163-44CC-92B1-8F416F2C0B01}.Release|x86.ActiveCfg = Release|Any CPU
		{5A315F92-80D2-4C60-A5A4-22E027AC7E7E}.Debug|Any CPU.ActiveCfg = Debug|Any CPU
		{5A315F92-80D2-4C60-A5A4-22E027AC7E7E}.Debug|Any CPU.Build.0 = Debug|Any CPU
		{5A315F92-80D2-4C60-A5A4-22E027AC7E7E}.Debug|Mixed Platforms.ActiveCfg = Debug|Any CPU
		{5A315F92-80D2-4C60-A5A4-22E027AC7E7E}.Debug|Mixed Platforms.Build.0 = Debug|Any CPU
		{5A315F92-80D2-4C60-A5A4-22E027AC7E7E}.Debug|x86.ActiveCfg = Debug|Any CPU
		{5A315F92-80D2-4C60-A5A4-22E027AC7E7E}.MonoDebug|Any CPU.ActiveCfg = Debug|Any CPU
		{5A315F92-80D2-4C60-A5A4-22E027AC7E7E}.MonoDebug|Any CPU.Build.0 = Debug|Any CPU
		{5A315F92-80D2-4C60-A5A4-22E027AC7E7E}.MonoDebug|Mixed Platforms.ActiveCfg = Debug|Any CPU
		{5A315F92-80D2-4C60-A5A4-22E027AC7E7E}.MonoDebug|Mixed Platforms.Build.0 = Debug|Any CPU
		{5A315F92-80D2-4C60-A5A4-22E027AC7E7E}.MonoDebug|x86.ActiveCfg = Debug|Any CPU
		{5A315F92-80D2-4C60-A5A4-22E027AC7E7E}.MonoRelease|Any CPU.ActiveCfg = Release|Any CPU
		{5A315F92-80D2-4C60-A5A4-22E027AC7E7E}.MonoRelease|Any CPU.Build.0 = Release|Any CPU
		{5A315F92-80D2-4C60-A5A4-22E027AC7E7E}.MonoRelease|Mixed Platforms.ActiveCfg = Release|Any CPU
		{5A315F92-80D2-4C60-A5A4-22E027AC7E7E}.MonoRelease|Mixed Platforms.Build.0 = Release|Any CPU
		{5A315F92-80D2-4C60-A5A4-22E027AC7E7E}.MonoRelease|x86.ActiveCfg = Release|Any CPU
		{5A315F92-80D2-4C60-A5A4-22E027AC7E7E}.MonoTouch|Any CPU.ActiveCfg = MonoTouch|Any CPU
		{5A315F92-80D2-4C60-A5A4-22E027AC7E7E}.MonoTouch|Any CPU.Build.0 = MonoTouch|Any CPU
		{5A315F92-80D2-4C60-A5A4-22E027AC7E7E}.MonoTouch|Mixed Platforms.ActiveCfg = MonoTouch|Any CPU
		{5A315F92-80D2-4C60-A5A4-22E027AC7E7E}.MonoTouch|Mixed Platforms.Build.0 = MonoTouch|Any CPU
		{5A315F92-80D2-4C60-A5A4-22E027AC7E7E}.MonoTouch|x86.ActiveCfg = MonoTouch|Any CPU
		{5A315F92-80D2-4C60-A5A4-22E027AC7E7E}.Release|Any CPU.ActiveCfg = Release|Any CPU
		{5A315F92-80D2-4C60-A5A4-22E027AC7E7E}.Release|Any CPU.Build.0 = Release|Any CPU
		{5A315F92-80D2-4C60-A5A4-22E027AC7E7E}.Release|Mixed Platforms.ActiveCfg = Release|Any CPU
		{5A315F92-80D2-4C60-A5A4-22E027AC7E7E}.Release|Mixed Platforms.Build.0 = Release|Any CPU
		{5A315F92-80D2-4C60-A5A4-22E027AC7E7E}.Release|x86.ActiveCfg = Release|Any CPU
		{672F2DFE-4EE8-498B-B449-23E9E7F6961C}.Debug|Any CPU.ActiveCfg = Debug|Any CPU
		{672F2DFE-4EE8-498B-B449-23E9E7F6961C}.Debug|Any CPU.Build.0 = Debug|Any CPU
		{672F2DFE-4EE8-498B-B449-23E9E7F6961C}.Debug|Mixed Platforms.ActiveCfg = Debug|Any CPU
		{672F2DFE-4EE8-498B-B449-23E9E7F6961C}.Debug|Mixed Platforms.Build.0 = Debug|Any CPU
		{672F2DFE-4EE8-498B-B449-23E9E7F6961C}.Debug|x86.ActiveCfg = Debug|Any CPU
		{672F2DFE-4EE8-498B-B449-23E9E7F6961C}.MonoDebug|Any CPU.ActiveCfg = Debug|Any CPU
		{672F2DFE-4EE8-498B-B449-23E9E7F6961C}.MonoDebug|Any CPU.Build.0 = Debug|Any CPU
		{672F2DFE-4EE8-498B-B449-23E9E7F6961C}.MonoDebug|Mixed Platforms.ActiveCfg = Debug|Any CPU
		{672F2DFE-4EE8-498B-B449-23E9E7F6961C}.MonoDebug|Mixed Platforms.Build.0 = Debug|Any CPU
		{672F2DFE-4EE8-498B-B449-23E9E7F6961C}.MonoDebug|x86.ActiveCfg = Debug|Any CPU
		{672F2DFE-4EE8-498B-B449-23E9E7F6961C}.MonoRelease|Any CPU.ActiveCfg = Release|Any CPU
		{672F2DFE-4EE8-498B-B449-23E9E7F6961C}.MonoRelease|Any CPU.Build.0 = Release|Any CPU
		{672F2DFE-4EE8-498B-B449-23E9E7F6961C}.MonoRelease|Mixed Platforms.ActiveCfg = Release|Any CPU
		{672F2DFE-4EE8-498B-B449-23E9E7F6961C}.MonoRelease|Mixed Platforms.Build.0 = Release|Any CPU
		{672F2DFE-4EE8-498B-B449-23E9E7F6961C}.MonoRelease|x86.ActiveCfg = Release|Any CPU
		{672F2DFE-4EE8-498B-B449-23E9E7F6961C}.MonoTouch|Any CPU.ActiveCfg = Release|Any CPU
		{672F2DFE-4EE8-498B-B449-23E9E7F6961C}.MonoTouch|Any CPU.Build.0 = Release|Any CPU
		{672F2DFE-4EE8-498B-B449-23E9E7F6961C}.MonoTouch|Mixed Platforms.ActiveCfg = Release|Any CPU
		{672F2DFE-4EE8-498B-B449-23E9E7F6961C}.MonoTouch|Mixed Platforms.Build.0 = Release|Any CPU
		{672F2DFE-4EE8-498B-B449-23E9E7F6961C}.MonoTouch|x86.ActiveCfg = Release|Any CPU
		{672F2DFE-4EE8-498B-B449-23E9E7F6961C}.Release|Any CPU.ActiveCfg = Release|Any CPU
		{672F2DFE-4EE8-498B-B449-23E9E7F6961C}.Release|Any CPU.Build.0 = Release|Any CPU
		{672F2DFE-4EE8-498B-B449-23E9E7F6961C}.Release|Mixed Platforms.ActiveCfg = Release|Any CPU
		{672F2DFE-4EE8-498B-B449-23E9E7F6961C}.Release|Mixed Platforms.Build.0 = Release|Any CPU
		{672F2DFE-4EE8-498B-B449-23E9E7F6961C}.Release|x86.ActiveCfg = Release|Any CPU
		{EF36A253-C53F-4BF3-B0EC-4D29211FA67D}.Debug|Any CPU.ActiveCfg = Debug|Any CPU
		{EF36A253-C53F-4BF3-B0EC-4D29211FA67D}.Debug|Any CPU.Build.0 = Debug|Any CPU
		{EF36A253-C53F-4BF3-B0EC-4D29211FA67D}.Debug|Mixed Platforms.ActiveCfg = Debug|Any CPU
		{EF36A253-C53F-4BF3-B0EC-4D29211FA67D}.Debug|Mixed Platforms.Build.0 = Debug|Any CPU
		{EF36A253-C53F-4BF3-B0EC-4D29211FA67D}.Debug|x86.ActiveCfg = Debug|Any CPU
		{EF36A253-C53F-4BF3-B0EC-4D29211FA67D}.MonoDebug|Any CPU.ActiveCfg = Debug|Any CPU
		{EF36A253-C53F-4BF3-B0EC-4D29211FA67D}.MonoDebug|Any CPU.Build.0 = Debug|Any CPU
		{EF36A253-C53F-4BF3-B0EC-4D29211FA67D}.MonoDebug|Mixed Platforms.ActiveCfg = Debug|Any CPU
		{EF36A253-C53F-4BF3-B0EC-4D29211FA67D}.MonoDebug|Mixed Platforms.Build.0 = Debug|Any CPU
		{EF36A253-C53F-4BF3-B0EC-4D29211FA67D}.MonoDebug|x86.ActiveCfg = Debug|Any CPU
		{EF36A253-C53F-4BF3-B0EC-4D29211FA67D}.MonoRelease|Any CPU.ActiveCfg = Release|Any CPU
		{EF36A253-C53F-4BF3-B0EC-4D29211FA67D}.MonoRelease|Any CPU.Build.0 = Release|Any CPU
		{EF36A253-C53F-4BF3-B0EC-4D29211FA67D}.MonoRelease|Mixed Platforms.ActiveCfg = Release|Any CPU
		{EF36A253-C53F-4BF3-B0EC-4D29211FA67D}.MonoRelease|Mixed Platforms.Build.0 = Release|Any CPU
		{EF36A253-C53F-4BF3-B0EC-4D29211FA67D}.MonoRelease|x86.ActiveCfg = Release|Any CPU
		{EF36A253-C53F-4BF3-B0EC-4D29211FA67D}.MonoTouch|Any CPU.ActiveCfg = Release|Any CPU
		{EF36A253-C53F-4BF3-B0EC-4D29211FA67D}.MonoTouch|Any CPU.Build.0 = Release|Any CPU
		{EF36A253-C53F-4BF3-B0EC-4D29211FA67D}.MonoTouch|Mixed Platforms.ActiveCfg = Release|Any CPU
		{EF36A253-C53F-4BF3-B0EC-4D29211FA67D}.MonoTouch|Mixed Platforms.Build.0 = Release|Any CPU
		{EF36A253-C53F-4BF3-B0EC-4D29211FA67D}.MonoTouch|x86.ActiveCfg = Release|Any CPU
		{EF36A253-C53F-4BF3-B0EC-4D29211FA67D}.Release|Any CPU.ActiveCfg = Release|Any CPU
		{EF36A253-C53F-4BF3-B0EC-4D29211FA67D}.Release|Any CPU.Build.0 = Release|Any CPU
		{EF36A253-C53F-4BF3-B0EC-4D29211FA67D}.Release|Mixed Platforms.ActiveCfg = Release|Any CPU
		{EF36A253-C53F-4BF3-B0EC-4D29211FA67D}.Release|Mixed Platforms.Build.0 = Release|Any CPU
		{EF36A253-C53F-4BF3-B0EC-4D29211FA67D}.Release|x86.ActiveCfg = Release|Any CPU
		{6B751A07-75D4-4A9D-B3A0-EEA27808E64C}.Debug|Any CPU.ActiveCfg = Debug|Any CPU
		{6B751A07-75D4-4A9D-B3A0-EEA27808E64C}.Debug|Any CPU.Build.0 = Debug|Any CPU
		{6B751A07-75D4-4A9D-B3A0-EEA27808E64C}.Debug|Mixed Platforms.ActiveCfg = Debug|Any CPU
		{6B751A07-75D4-4A9D-B3A0-EEA27808E64C}.Debug|Mixed Platforms.Build.0 = Debug|Any CPU
		{6B751A07-75D4-4A9D-B3A0-EEA27808E64C}.Debug|x86.ActiveCfg = Debug|Any CPU
		{6B751A07-75D4-4A9D-B3A0-EEA27808E64C}.MonoDebug|Any CPU.ActiveCfg = Debug|Any CPU
		{6B751A07-75D4-4A9D-B3A0-EEA27808E64C}.MonoDebug|Any CPU.Build.0 = Debug|Any CPU
		{6B751A07-75D4-4A9D-B3A0-EEA27808E64C}.MonoDebug|Mixed Platforms.ActiveCfg = Debug|Any CPU
		{6B751A07-75D4-4A9D-B3A0-EEA27808E64C}.MonoDebug|Mixed Platforms.Build.0 = Debug|Any CPU
		{6B751A07-75D4-4A9D-B3A0-EEA27808E64C}.MonoDebug|x86.ActiveCfg = Debug|Any CPU
		{6B751A07-75D4-4A9D-B3A0-EEA27808E64C}.MonoRelease|Any CPU.ActiveCfg = Release|Any CPU
		{6B751A07-75D4-4A9D-B3A0-EEA27808E64C}.MonoRelease|Any CPU.Build.0 = Release|Any CPU
		{6B751A07-75D4-4A9D-B3A0-EEA27808E64C}.MonoRelease|Mixed Platforms.ActiveCfg = Release|Any CPU
		{6B751A07-75D4-4A9D-B3A0-EEA27808E64C}.MonoRelease|Mixed Platforms.Build.0 = Release|Any CPU
		{6B751A07-75D4-4A9D-B3A0-EEA27808E64C}.MonoRelease|x86.ActiveCfg = Release|Any CPU
		{6B751A07-75D4-4A9D-B3A0-EEA27808E64C}.MonoTouch|Any CPU.ActiveCfg = Release|Any CPU
		{6B751A07-75D4-4A9D-B3A0-EEA27808E64C}.MonoTouch|Any CPU.Build.0 = Release|Any CPU
		{6B751A07-75D4-4A9D-B3A0-EEA27808E64C}.MonoTouch|Mixed Platforms.ActiveCfg = Release|Any CPU
		{6B751A07-75D4-4A9D-B3A0-EEA27808E64C}.MonoTouch|Mixed Platforms.Build.0 = Release|Any CPU
		{6B751A07-75D4-4A9D-B3A0-EEA27808E64C}.MonoTouch|x86.ActiveCfg = Release|Any CPU
		{6B751A07-75D4-4A9D-B3A0-EEA27808E64C}.Release|Any CPU.ActiveCfg = Release|Any CPU
		{6B751A07-75D4-4A9D-B3A0-EEA27808E64C}.Release|Any CPU.Build.0 = Release|Any CPU
		{6B751A07-75D4-4A9D-B3A0-EEA27808E64C}.Release|Mixed Platforms.ActiveCfg = Release|Any CPU
		{6B751A07-75D4-4A9D-B3A0-EEA27808E64C}.Release|Mixed Platforms.Build.0 = Release|Any CPU
		{6B751A07-75D4-4A9D-B3A0-EEA27808E64C}.Release|x86.ActiveCfg = Release|Any CPU
		{6E240294-9D93-4C09-9BB0-38D82A22DEEE}.Debug|Any CPU.ActiveCfg = Debug|Any CPU
		{6E240294-9D93-4C09-9BB0-38D82A22DEEE}.Debug|Any CPU.Build.0 = Debug|Any CPU
		{6E240294-9D93-4C09-9BB0-38D82A22DEEE}.Debug|Mixed Platforms.ActiveCfg = Debug|Any CPU
		{6E240294-9D93-4C09-9BB0-38D82A22DEEE}.Debug|Mixed Platforms.Build.0 = Debug|Any CPU
		{6E240294-9D93-4C09-9BB0-38D82A22DEEE}.Debug|x86.ActiveCfg = Debug|Any CPU
		{6E240294-9D93-4C09-9BB0-38D82A22DEEE}.MonoDebug|Any CPU.ActiveCfg = Debug|Any CPU
		{6E240294-9D93-4C09-9BB0-38D82A22DEEE}.MonoDebug|Any CPU.Build.0 = Debug|Any CPU
		{6E240294-9D93-4C09-9BB0-38D82A22DEEE}.MonoDebug|Mixed Platforms.ActiveCfg = Debug|Any CPU
		{6E240294-9D93-4C09-9BB0-38D82A22DEEE}.MonoDebug|Mixed Platforms.Build.0 = Debug|Any CPU
		{6E240294-9D93-4C09-9BB0-38D82A22DEEE}.MonoDebug|x86.ActiveCfg = Debug|Any CPU
		{6E240294-9D93-4C09-9BB0-38D82A22DEEE}.MonoRelease|Any CPU.ActiveCfg = Release|Any CPU
		{6E240294-9D93-4C09-9BB0-38D82A22DEEE}.MonoRelease|Any CPU.Build.0 = Release|Any CPU
		{6E240294-9D93-4C09-9BB0-38D82A22DEEE}.MonoRelease|Mixed Platforms.ActiveCfg = Release|Any CPU
		{6E240294-9D93-4C09-9BB0-38D82A22DEEE}.MonoRelease|Mixed Platforms.Build.0 = Release|Any CPU
		{6E240294-9D93-4C09-9BB0-38D82A22DEEE}.MonoRelease|x86.ActiveCfg = Release|Any CPU
		{6E240294-9D93-4C09-9BB0-38D82A22DEEE}.MonoTouch|Any CPU.ActiveCfg = Release|Any CPU
		{6E240294-9D93-4C09-9BB0-38D82A22DEEE}.MonoTouch|Any CPU.Build.0 = Release|Any CPU
		{6E240294-9D93-4C09-9BB0-38D82A22DEEE}.MonoTouch|Mixed Platforms.ActiveCfg = Release|Any CPU
		{6E240294-9D93-4C09-9BB0-38D82A22DEEE}.MonoTouch|Mixed Platforms.Build.0 = Release|Any CPU
		{6E240294-9D93-4C09-9BB0-38D82A22DEEE}.MonoTouch|x86.ActiveCfg = Release|Any CPU
		{6E240294-9D93-4C09-9BB0-38D82A22DEEE}.Release|Any CPU.ActiveCfg = Release|Any CPU
		{6E240294-9D93-4C09-9BB0-38D82A22DEEE}.Release|Any CPU.Build.0 = Release|Any CPU
		{6E240294-9D93-4C09-9BB0-38D82A22DEEE}.Release|Mixed Platforms.ActiveCfg = Release|Any CPU
		{6E240294-9D93-4C09-9BB0-38D82A22DEEE}.Release|Mixed Platforms.Build.0 = Release|Any CPU
		{6E240294-9D93-4C09-9BB0-38D82A22DEEE}.Release|x86.ActiveCfg = Release|Any CPU
		{01D3F057-7984-498F-8B0A-EB375701E204}.Debug|Any CPU.ActiveCfg = Debug|Any CPU
		{01D3F057-7984-498F-8B0A-EB375701E204}.Debug|Any CPU.Build.0 = Debug|Any CPU
		{01D3F057-7984-498F-8B0A-EB375701E204}.Debug|Mixed Platforms.ActiveCfg = Debug|Any CPU
		{01D3F057-7984-498F-8B0A-EB375701E204}.Debug|Mixed Platforms.Build.0 = Debug|Any CPU
		{01D3F057-7984-498F-8B0A-EB375701E204}.Debug|x86.ActiveCfg = Debug|Any CPU
		{01D3F057-7984-498F-8B0A-EB375701E204}.MonoDebug|Any CPU.ActiveCfg = Debug|Any CPU
		{01D3F057-7984-498F-8B0A-EB375701E204}.MonoDebug|Any CPU.Build.0 = Debug|Any CPU
		{01D3F057-7984-498F-8B0A-EB375701E204}.MonoDebug|Mixed Platforms.ActiveCfg = Debug|Any CPU
		{01D3F057-7984-498F-8B0A-EB375701E204}.MonoDebug|Mixed Platforms.Build.0 = Debug|Any CPU
		{01D3F057-7984-498F-8B0A-EB375701E204}.MonoDebug|x86.ActiveCfg = Debug|Any CPU
		{01D3F057-7984-498F-8B0A-EB375701E204}.MonoRelease|Any CPU.ActiveCfg = Release|Any CPU
		{01D3F057-7984-498F-8B0A-EB375701E204}.MonoRelease|Any CPU.Build.0 = Release|Any CPU
		{01D3F057-7984-498F-8B0A-EB375701E204}.MonoRelease|Mixed Platforms.ActiveCfg = Release|Any CPU
		{01D3F057-7984-498F-8B0A-EB375701E204}.MonoRelease|Mixed Platforms.Build.0 = Release|Any CPU
		{01D3F057-7984-498F-8B0A-EB375701E204}.MonoRelease|x86.ActiveCfg = Release|Any CPU
		{01D3F057-7984-498F-8B0A-EB375701E204}.MonoTouch|Any CPU.ActiveCfg = Release|Any CPU
		{01D3F057-7984-498F-8B0A-EB375701E204}.MonoTouch|Any CPU.Build.0 = Release|Any CPU
		{01D3F057-7984-498F-8B0A-EB375701E204}.MonoTouch|Mixed Platforms.ActiveCfg = Release|Any CPU
		{01D3F057-7984-498F-8B0A-EB375701E204}.MonoTouch|Mixed Platforms.Build.0 = Release|Any CPU
		{01D3F057-7984-498F-8B0A-EB375701E204}.MonoTouch|x86.ActiveCfg = Release|Any CPU
		{01D3F057-7984-498F-8B0A-EB375701E204}.Release|Any CPU.ActiveCfg = Release|Any CPU
		{01D3F057-7984-498F-8B0A-EB375701E204}.Release|Any CPU.Build.0 = Release|Any CPU
		{01D3F057-7984-498F-8B0A-EB375701E204}.Release|Mixed Platforms.ActiveCfg = Release|Any CPU
		{01D3F057-7984-498F-8B0A-EB375701E204}.Release|Mixed Platforms.Build.0 = Release|Any CPU
		{01D3F057-7984-498F-8B0A-EB375701E204}.Release|x86.ActiveCfg = Release|Any CPU
		{D73274AE-006B-4CEE-BA60-0ECF5873048D}.Debug|Any CPU.ActiveCfg = Debug|Any CPU
		{D73274AE-006B-4CEE-BA60-0ECF5873048D}.Debug|Any CPU.Build.0 = Debug|Any CPU
		{D73274AE-006B-4CEE-BA60-0ECF5873048D}.Debug|Mixed Platforms.ActiveCfg = Debug|Any CPU
		{D73274AE-006B-4CEE-BA60-0ECF5873048D}.Debug|Mixed Platforms.Build.0 = Debug|Any CPU
		{D73274AE-006B-4CEE-BA60-0ECF5873048D}.Debug|x86.ActiveCfg = Debug|Any CPU
		{D73274AE-006B-4CEE-BA60-0ECF5873048D}.MonoDebug|Any CPU.ActiveCfg = Debug|Any CPU
		{D73274AE-006B-4CEE-BA60-0ECF5873048D}.MonoDebug|Any CPU.Build.0 = Debug|Any CPU
		{D73274AE-006B-4CEE-BA60-0ECF5873048D}.MonoDebug|Mixed Platforms.ActiveCfg = Debug|Any CPU
		{D73274AE-006B-4CEE-BA60-0ECF5873048D}.MonoDebug|Mixed Platforms.Build.0 = Debug|Any CPU
		{D73274AE-006B-4CEE-BA60-0ECF5873048D}.MonoDebug|x86.ActiveCfg = Debug|Any CPU
		{D73274AE-006B-4CEE-BA60-0ECF5873048D}.MonoRelease|Any CPU.ActiveCfg = Release|Any CPU
		{D73274AE-006B-4CEE-BA60-0ECF5873048D}.MonoRelease|Any CPU.Build.0 = Release|Any CPU
		{D73274AE-006B-4CEE-BA60-0ECF5873048D}.MonoRelease|Mixed Platforms.ActiveCfg = Release|Any CPU
		{D73274AE-006B-4CEE-BA60-0ECF5873048D}.MonoRelease|Mixed Platforms.Build.0 = Release|Any CPU
		{D73274AE-006B-4CEE-BA60-0ECF5873048D}.MonoRelease|x86.ActiveCfg = Release|Any CPU
		{D73274AE-006B-4CEE-BA60-0ECF5873048D}.MonoTouch|Any CPU.ActiveCfg = Release|Any CPU
		{D73274AE-006B-4CEE-BA60-0ECF5873048D}.MonoTouch|Any CPU.Build.0 = Release|Any CPU
		{D73274AE-006B-4CEE-BA60-0ECF5873048D}.MonoTouch|Mixed Platforms.ActiveCfg = Release|Any CPU
		{D73274AE-006B-4CEE-BA60-0ECF5873048D}.MonoTouch|Mixed Platforms.Build.0 = Release|Any CPU
		{D73274AE-006B-4CEE-BA60-0ECF5873048D}.MonoTouch|x86.ActiveCfg = Release|Any CPU
		{D73274AE-006B-4CEE-BA60-0ECF5873048D}.Release|Any CPU.ActiveCfg = Release|Any CPU
		{D73274AE-006B-4CEE-BA60-0ECF5873048D}.Release|Any CPU.Build.0 = Release|Any CPU
		{D73274AE-006B-4CEE-BA60-0ECF5873048D}.Release|Mixed Platforms.ActiveCfg = Release|Any CPU
		{D73274AE-006B-4CEE-BA60-0ECF5873048D}.Release|Mixed Platforms.Build.0 = Release|Any CPU
		{D73274AE-006B-4CEE-BA60-0ECF5873048D}.Release|x86.ActiveCfg = Release|Any CPU
		{C53331DF-3690-4AEA-AB57-70672BCFA086}.Debug|Any CPU.ActiveCfg = Debug|Any CPU
		{C53331DF-3690-4AEA-AB57-70672BCFA086}.Debug|Any CPU.Build.0 = Debug|Any CPU
		{C53331DF-3690-4AEA-AB57-70672BCFA086}.Debug|Mixed Platforms.ActiveCfg = Debug|Any CPU
		{C53331DF-3690-4AEA-AB57-70672BCFA086}.Debug|Mixed Platforms.Build.0 = Debug|Any CPU
		{C53331DF-3690-4AEA-AB57-70672BCFA086}.Debug|x86.ActiveCfg = Debug|Any CPU
		{C53331DF-3690-4AEA-AB57-70672BCFA086}.MonoDebug|Any CPU.ActiveCfg = Debug|Any CPU
		{C53331DF-3690-4AEA-AB57-70672BCFA086}.MonoDebug|Any CPU.Build.0 = Debug|Any CPU
		{C53331DF-3690-4AEA-AB57-70672BCFA086}.MonoDebug|Mixed Platforms.ActiveCfg = Debug|Any CPU
		{C53331DF-3690-4AEA-AB57-70672BCFA086}.MonoDebug|Mixed Platforms.Build.0 = Debug|Any CPU
		{C53331DF-3690-4AEA-AB57-70672BCFA086}.MonoDebug|x86.ActiveCfg = Debug|Any CPU
		{C53331DF-3690-4AEA-AB57-70672BCFA086}.MonoRelease|Any CPU.ActiveCfg = Release|Any CPU
		{C53331DF-3690-4AEA-AB57-70672BCFA086}.MonoRelease|Any CPU.Build.0 = Release|Any CPU
		{C53331DF-3690-4AEA-AB57-70672BCFA086}.MonoRelease|Mixed Platforms.ActiveCfg = Release|Any CPU
		{C53331DF-3690-4AEA-AB57-70672BCFA086}.MonoRelease|Mixed Platforms.Build.0 = Release|Any CPU
		{C53331DF-3690-4AEA-AB57-70672BCFA086}.MonoRelease|x86.ActiveCfg = Release|Any CPU
		{C53331DF-3690-4AEA-AB57-70672BCFA086}.MonoTouch|Any CPU.ActiveCfg = Release|Any CPU
		{C53331DF-3690-4AEA-AB57-70672BCFA086}.MonoTouch|Any CPU.Build.0 = Release|Any CPU
		{C53331DF-3690-4AEA-AB57-70672BCFA086}.MonoTouch|Mixed Platforms.ActiveCfg = Release|Any CPU
		{C53331DF-3690-4AEA-AB57-70672BCFA086}.MonoTouch|Mixed Platforms.Build.0 = Release|Any CPU
		{C53331DF-3690-4AEA-AB57-70672BCFA086}.MonoTouch|x86.ActiveCfg = Release|Any CPU
		{C53331DF-3690-4AEA-AB57-70672BCFA086}.Release|Any CPU.ActiveCfg = Release|Any CPU
		{C53331DF-3690-4AEA-AB57-70672BCFA086}.Release|Any CPU.Build.0 = Release|Any CPU
		{C53331DF-3690-4AEA-AB57-70672BCFA086}.Release|Mixed Platforms.ActiveCfg = Release|Any CPU
		{C53331DF-3690-4AEA-AB57-70672BCFA086}.Release|Mixed Platforms.Build.0 = Release|Any CPU
		{C53331DF-3690-4AEA-AB57-70672BCFA086}.Release|x86.ActiveCfg = Release|Any CPU
	EndGlobalSection
	GlobalSection(SolutionProperties) = preSolution
		HideSolutionNode = FALSE
	EndGlobalSection
	GlobalSection(MonoDevelopProperties) = preSolution
		StartupItem = ..\tests\RazorRockstars.Console\RazorRockstars.Console.csproj
		Policies = $0
		$0.DotNetNamingPolicy = $1
		$1.DirectoryNamespaceAssociation = None
		$1.ResourceNamePolicy = FileFormatDefault
		$0.StandardHeader = $2
		$2.Text = 
		$2.IncludeInNewFiles = True
		$0.VersionControlPolicy = $3
		$3.inheritsSet = Mono
		$0.ChangeLogPolicy = $4
		$4.UpdateMode = None
		$4.MessageStyle = $5
		$5.LineAlign = 0
		$4.inheritsSet = Mono
	EndGlobalSection
EndGlobal
